// !$*UTF8*$!
{
	archiveVersion = 1;
	classes = {
	};
	objectVersion = 55;
	objects = {

/* Begin PBXBuildFile section */
		EDA4AD542847B85000D6E919 /* AppDelegate.swift in Sources */ = {isa = PBXBuildFile; fileRef = EDA4AD532847B85000D6E919 /* AppDelegate.swift */; };
		EDA4AD562847B85000D6E919 /* SceneDelegate.swift in Sources */ = {isa = PBXBuildFile; fileRef = EDA4AD552847B85000D6E919 /* SceneDelegate.swift */; };
		EDA4AD5B2847B85000D6E919 /* Main.storyboard in Resources */ = {isa = PBXBuildFile; fileRef = EDA4AD592847B85000D6E919 /* Main.storyboard */; };
		EDA4AD5D2847B85300D6E919 /* Assets.xcassets in Resources */ = {isa = PBXBuildFile; fileRef = EDA4AD5C2847B85300D6E919 /* Assets.xcassets */; };
		EDA4AD602847B85300D6E919 /* LaunchScreen.storyboard in Resources */ = {isa = PBXBuildFile; fileRef = EDA4AD5E2847B85300D6E919 /* LaunchScreen.storyboard */; };
		EDA4AD6C2847BFFA00D6E919 /* CharacterDetailsViewController.swift in Sources */ = {isa = PBXBuildFile; fileRef = EDA4AD6B2847BFFA00D6E919 /* CharacterDetailsViewController.swift */; };
		EDA4AD6E2847C01400D6E919 /* CharacterListTableViewController.swift in Sources */ = {isa = PBXBuildFile; fileRef = EDA4AD6D2847C01400D6E919 /* CharacterListTableViewController.swift */; };
		EDA4AD702847C43B00D6E919 /* Character.swift in Sources */ = {isa = PBXBuildFile; fileRef = EDA4AD6F2847C43B00D6E919 /* Character.swift */; };
		EDA4AD722847C4C700D6E919 /* CharacterTableViewCell.swift in Sources */ = {isa = PBXBuildFile; fileRef = EDA4AD712847C4C700D6E919 /* CharacterTableViewCell.swift */; };
		EDA4AD742847C4E500D6E919 /* NetworkingController.swift in Sources */ = {isa = PBXBuildFile; fileRef = EDA4AD732847C4E500D6E919 /* NetworkingController.swift */; };
		EDA4AD762847C87200D6E919 /* ResultError.swift in Sources */ = {isa = PBXBuildFile; fileRef = EDA4AD752847C87200D6E919 /* ResultError.swift */; };
/* End PBXBuildFile section */

/* Begin PBXFileReference section */
		EDA4AD502847B85000D6E919 /* Rick and Morty.app */ = {isa = PBXFileReference; explicitFileType = wrapper.application; includeInIndex = 0; path = "Rick and Morty.app"; sourceTree = BUILT_PRODUCTS_DIR; };
		EDA4AD532847B85000D6E919 /* AppDelegate.swift */ = {isa = PBXFileReference; lastKnownFileType = sourcecode.swift; path = AppDelegate.swift; sourceTree = "<group>"; };
		EDA4AD552847B85000D6E919 /* SceneDelegate.swift */ = {isa = PBXFileReference; lastKnownFileType = sourcecode.swift; path = SceneDelegate.swift; sourceTree = "<group>"; };
		EDA4AD5A2847B85000D6E919 /* Base */ = {isa = PBXFileReference; lastKnownFileType = file.storyboard; name = Base; path = Base.lproj/Main.storyboard; sourceTree = "<group>"; };
		EDA4AD5C2847B85300D6E919 /* Assets.xcassets */ = {isa = PBXFileReference; lastKnownFileType = folder.assetcatalog; path = Assets.xcassets; sourceTree = "<group>"; };
		EDA4AD5F2847B85300D6E919 /* Base */ = {isa = PBXFileReference; lastKnownFileType = file.storyboard; name = Base; path = Base.lproj/LaunchScreen.storyboard; sourceTree = "<group>"; };
		EDA4AD612847B85300D6E919 /* Info.plist */ = {isa = PBXFileReference; lastKnownFileType = text.plist.xml; path = Info.plist; sourceTree = "<group>"; };
		EDA4AD6B2847BFFA00D6E919 /* CharacterDetailsViewController.swift */ = {isa = PBXFileReference; lastKnownFileType = sourcecode.swift; path = CharacterDetailsViewController.swift; sourceTree = "<group>"; };
		EDA4AD6D2847C01400D6E919 /* CharacterListTableViewController.swift */ = {isa = PBXFileReference; lastKnownFileType = sourcecode.swift; path = CharacterListTableViewController.swift; sourceTree = "<group>"; };
		EDA4AD6F2847C43B00D6E919 /* Character.swift */ = {isa = PBXFileReference; lastKnownFileType = sourcecode.swift; path = Character.swift; sourceTree = "<group>"; };
		EDA4AD712847C4C700D6E919 /* CharacterTableViewCell.swift */ = {isa = PBXFileReference; lastKnownFileType = sourcecode.swift; path = CharacterTableViewCell.swift; sourceTree = "<group>"; };
		EDA4AD732847C4E500D6E919 /* NetworkingController.swift */ = {isa = PBXFileReference; lastKnownFileType = sourcecode.swift; path = NetworkingController.swift; sourceTree = "<group>"; };
		EDA4AD752847C87200D6E919 /* ResultError.swift */ = {isa = PBXFileReference; lastKnownFileType = sourcecode.swift; path = ResultError.swift; sourceTree = "<group>"; };
/* End PBXFileReference section */

/* Begin PBXFrameworksBuildPhase section */
		EDA4AD4D2847B85000D6E919 /* Frameworks */ = {
			isa = PBXFrameworksBuildPhase;
			buildActionMask = 2147483647;
			files = (
			);
			runOnlyForDeploymentPostprocessing = 0;
		};
/* End PBXFrameworksBuildPhase section */

/* Begin PBXGroup section */
		EDA4AD472847B85000D6E919 = {
			isa = PBXGroup;
			children = (
				EDA4AD522847B85000D6E919 /* Rick and Morty */,
				EDA4AD512847B85000D6E919 /* Products */,
			);
			sourceTree = "<group>";
		};
		EDA4AD512847B85000D6E919 /* Products */ = {
			isa = PBXGroup;
			children = (
				EDA4AD502847B85000D6E919 /* Rick and Morty.app */,
			);
			name = Products;
			sourceTree = "<group>";
		};
		EDA4AD522847B85000D6E919 /* Rick and Morty */ = {
			isa = PBXGroup;
			children = (
				EDA4AD6A2847BFD400D6E919 /* View Controllers */,
				EDA4AD692847BFCA00D6E919 /* Networking Controller */,
				EDA4AD682847BFBA00D6E919 /* Model */,
				EDA4AD672847B9C600D6E919 /* Resources */,
				EDA4AD592847B85000D6E919 /* Main.storyboard */,
				EDA4AD5E2847B85300D6E919 /* LaunchScreen.storyboard */,
			);
			path = "Rick and Morty";
			sourceTree = "<group>";
		};
		EDA4AD672847B9C600D6E919 /* Resources */ = {
			isa = PBXGroup;
			children = (
				EDA4AD532847B85000D6E919 /* AppDelegate.swift */,
				EDA4AD552847B85000D6E919 /* SceneDelegate.swift */,
				EDA4AD5C2847B85300D6E919 /* Assets.xcassets */,
				EDA4AD612847B85300D6E919 /* Info.plist */,
			);
			path = Resources;
			sourceTree = "<group>";
		};
		EDA4AD682847BFBA00D6E919 /* Model */ = {
			isa = PBXGroup;
			children = (
				EDA4AD6F2847C43B00D6E919 /* Character.swift */,
			);
			path = Model;
			sourceTree = "<group>";
		};
		EDA4AD692847BFCA00D6E919 /* Networking Controller */ = {
			isa = PBXGroup;
			children = (
				EDA4AD732847C4E500D6E919 /* NetworkingController.swift */,
				EDA4AD752847C87200D6E919 /* ResultError.swift */,
			);
			path = "Networking Controller";
			sourceTree = "<group>";
		};
		EDA4AD6A2847BFD400D6E919 /* View Controllers */ = {
			isa = PBXGroup;
			children = (
				EDA4AD6B2847BFFA00D6E919 /* CharacterDetailsViewController.swift */,
				EDA4AD6D2847C01400D6E919 /* CharacterListTableViewController.swift */,
				EDA4AD712847C4C700D6E919 /* CharacterTableViewCell.swift */,
			);
			path = "View Controllers";
			sourceTree = "<group>";
		};
/* End PBXGroup section */

/* Begin PBXNativeTarget section */
		EDA4AD4F2847B85000D6E919 /* Rick and Morty */ = {
			isa = PBXNativeTarget;
			buildConfigurationList = EDA4AD642847B85300D6E919 /* Build configuration list for PBXNativeTarget "Rick and Morty" */;
			buildPhases = (
				EDA4AD4C2847B85000D6E919 /* Sources */,
				EDA4AD4D2847B85000D6E919 /* Frameworks */,
				EDA4AD4E2847B85000D6E919 /* Resources */,
			);
			buildRules = (
			);
			dependencies = (
			);
			name = "Rick and Morty";
			productName = "Rick and Morty";
			productReference = EDA4AD502847B85000D6E919 /* Rick and Morty.app */;
			productType = "com.apple.product-type.application";
		};
/* End PBXNativeTarget section */

/* Begin PBXProject section */
		EDA4AD482847B85000D6E919 /* Project object */ = {
			isa = PBXProject;
			attributes = {
				BuildIndependentTargetsInParallel = 1;
				LastSwiftUpdateCheck = 1340;
				LastUpgradeCheck = 1340;
				TargetAttributes = {
					EDA4AD4F2847B85000D6E919 = {
						CreatedOnToolsVersion = 13.4;
					};
				};
			};
			buildConfigurationList = EDA4AD4B2847B85000D6E919 /* Build configuration list for PBXProject "Rick and Morty" */;
			compatibilityVersion = "Xcode 13.0";
			developmentRegion = en;
			hasScannedForEncodings = 0;
			knownRegions = (
				en,
				Base,
			);
			mainGroup = EDA4AD472847B85000D6E919;
			productRefGroup = EDA4AD512847B85000D6E919 /* Products */;
			projectDirPath = "";
			projectRoot = "";
			targets = (
				EDA4AD4F2847B85000D6E919 /* Rick and Morty */,
			);
		};
/* End PBXProject section */

/* Begin PBXResourcesBuildPhase section */
		EDA4AD4E2847B85000D6E919 /* Resources */ = {
			isa = PBXResourcesBuildPhase;
			buildActionMask = 2147483647;
			files = (
				EDA4AD602847B85300D6E919 /* LaunchScreen.storyboard in Resources */,
				EDA4AD5D2847B85300D6E919 /* Assets.xcassets in Resources */,
				EDA4AD5B2847B85000D6E919 /* Main.storyboard in Resources */,
			);
			runOnlyForDeploymentPostprocessing = 0;
		};
/* End PBXResourcesBuildPhase section */

/* Begin PBXSourcesBuildPhase section */
		EDA4AD4C2847B85000D6E919 /* Sources */ = {
			isa = PBXSourcesBuildPhase;
			buildActionMask = 2147483647;
			files = (
				EDA4AD542847B85000D6E919 /* AppDelegate.swift in Sources */,
				EDA4AD6E2847C01400D6E919 /* CharacterListTableViewController.swift in Sources */,
				EDA4AD702847C43B00D6E919 /* Character.swift in Sources */,
				EDA4AD742847C4E500D6E919 /* NetworkingController.swift in Sources */,
				EDA4AD562847B85000D6E919 /* SceneDelegate.swift in Sources */,
				EDA4AD762847C87200D6E919 /* ResultError.swift in Sources */,
				EDA4AD6C2847BFFA00D6E919 /* CharacterDetailsViewController.swift in Sources */,
				EDA4AD722847C4C700D6E919 /* CharacterTableViewCell.swift in Sources */,
			);
			runOnlyForDeploymentPostprocessing = 0;
		};
/* End PBXSourcesBuildPhase section */

/* Begin PBXVariantGroup section */
		EDA4AD592847B85000D6E919 /* Main.storyboard */ = {
			isa = PBXVariantGroup;
			children = (
				EDA4AD5A2847B85000D6E919 /* Base */,
			);
			name = Main.storyboard;
			sourceTree = "<group>";
		};
		EDA4AD5E2847B85300D6E919 /* LaunchScreen.storyboard */ = {
			isa = PBXVariantGroup;
			children = (
				EDA4AD5F2847B85300D6E919 /* Base */,
			);
			name = LaunchScreen.storyboard;
			sourceTree = "<group>";
		};
/* End PBXVariantGroup section */

/* Begin XCBuildConfiguration section */
		EDA4AD622847B85300D6E919 /* Debug */ = {
			isa = XCBuildConfiguration;
			buildSettings = {
				ALWAYS_SEARCH_USER_PATHS = NO;
				CLANG_ANALYZER_NONNULL = YES;
				CLANG_ANALYZER_NUMBER_OBJECT_CONVERSION = YES_AGGRESSIVE;
				CLANG_CXX_LANGUAGE_STANDARD = "gnu++17";
				CLANG_ENABLE_MODULES = YES;
				CLANG_ENABLE_OBJC_ARC = YES;
				CLANG_ENABLE_OBJC_WEAK = YES;
				CLANG_WARN_BLOCK_CAPTURE_AUTORELEASING = YES;
				CLANG_WARN_BOOL_CONVERSION = YES;
				CLANG_WARN_COMMA = YES;
				CLANG_WARN_CONSTANT_CONVERSION = YES;
				CLANG_WARN_DEPRECATED_OBJC_IMPLEMENTATIONS = YES;
				CLANG_WARN_DIRECT_OBJC_ISA_USAGE = YES_ERROR;
				CLANG_WARN_DOCUMENTATION_COMMENTS = YES;
				CLANG_WARN_EMPTY_BODY = YES;
				CLANG_WARN_ENUM_CONVERSION = YES;
				CLANG_WARN_INFINITE_RECURSION = YES;
				CLANG_WARN_INT_CONVERSION = YES;
				CLANG_WARN_NON_LITERAL_NULL_CONVERSION = YES;
				CLANG_WARN_OBJC_IMPLICIT_RETAIN_SELF = YES;
				CLANG_WARN_OBJC_LITERAL_CONVERSION = YES;
				CLANG_WARN_OBJC_ROOT_CLASS = YES_ERROR;
				CLANG_WARN_QUOTED_INCLUDE_IN_FRAMEWORK_HEADER = YES;
				CLANG_WARN_RANGE_LOOP_ANALYSIS = YES;
				CLANG_WARN_STRICT_PROTOTYPES = YES;
				CLANG_WARN_SUSPICIOUS_MOVE = YES;
				CLANG_WARN_UNGUARDED_AVAILABILITY = YES_AGGRESSIVE;
				CLANG_WARN_UNREACHABLE_CODE = YES;
				CLANG_WARN__DUPLICATE_METHOD_MATCH = YES;
				COPY_PHASE_STRIP = NO;
				DEBUG_INFORMATION_FORMAT = dwarf;
				ENABLE_STRICT_OBJC_MSGSEND = YES;
				ENABLE_TESTABILITY = YES;
				GCC_C_LANGUAGE_STANDARD = gnu11;
				GCC_DYNAMIC_NO_PIC = NO;
				GCC_NO_COMMON_BLOCKS = YES;
				GCC_OPTIMIZATION_LEVEL = 0;
				GCC_PREPROCESSOR_DEFINITIONS = (
					"DEBUG=1",
					"$(inherited)",
				);
				GCC_WARN_64_TO_32_BIT_CONVERSION = YES;
				GCC_WARN_ABOUT_RETURN_TYPE = YES_ERROR;
				GCC_WARN_UNDECLARED_SELECTOR = YES;
				GCC_WARN_UNINITIALIZED_AUTOS = YES_AGGRESSIVE;
				GCC_WARN_UNUSED_FUNCTION = YES;
				GCC_WARN_UNUSED_VARIABLE = YES;
				IPHONEOS_DEPLOYMENT_TARGET = 15.5;
				MTL_ENABLE_DEBUG_INFO = INCLUDE_SOURCE;
				MTL_FAST_MATH = YES;
				ONLY_ACTIVE_ARCH = YES;
				SDKROOT = iphoneos;
				SWIFT_ACTIVE_COMPILATION_CONDITIONS = DEBUG;
				SWIFT_OPTIMIZATION_LEVEL = "-Onone";
			};
			name = Debug;
		};
		EDA4AD632847B85300D6E919 /* Release */ = {
			isa = XCBuildConfiguration;
			buildSettings = {
				ALWAYS_SEARCH_USER_PATHS = NO;
				CLANG_ANALYZER_NONNULL = YES;
				CLANG_ANALYZER_NUMBER_OBJECT_CONVERSION = YES_AGGRESSIVE;
				CLANG_CXX_LANGUAGE_STANDARD = "gnu++17";
				CLANG_ENABLE_MODULES = YES;
				CLANG_ENABLE_OBJC_ARC = YES;
				CLANG_ENABLE_OBJC_WEAK = YES;
				CLANG_WARN_BLOCK_CAPTURE_AUTORELEASING = YES;
				CLANG_WARN_BOOL_CONVERSION = YES;
				CLANG_WARN_COMMA = YES;
				CLANG_WARN_CONSTANT_CONVERSION = YES;
				CLANG_WARN_DEPRECATED_OBJC_IMPLEMENTATIONS = YES;
				CLANG_WARN_DIRECT_OBJC_ISA_USAGE = YES_ERROR;
				CLANG_WARN_DOCUMENTATION_COMMENTS = YES;
				CLANG_WARN_EMPTY_BODY = YES;
				CLANG_WARN_ENUM_CONVERSION = YES;
				CLANG_WARN_INFINITE_RECURSION = YES;
				CLANG_WARN_INT_CONVERSION = YES;
				CLANG_WARN_NON_LITERAL_NULL_CONVERSION = YES;
				CLANG_WARN_OBJC_IMPLICIT_RETAIN_SELF = YES;
				CLANG_WARN_OBJC_LITERAL_CONVERSION = YES;
				CLANG_WARN_OBJC_ROOT_CLASS = YES_ERROR;
				CLANG_WARN_QUOTED_INCLUDE_IN_FRAMEWORK_HEADER = YES;
				CLANG_WARN_RANGE_LOOP_ANALYSIS = YES;
				CLANG_WARN_STRICT_PROTOTYPES = YES;
				CLANG_WARN_SUSPICIOUS_MOVE = YES;
				CLANG_WARN_UNGUARDED_AVAILABILITY = YES_AGGRESSIVE;
				CLANG_WARN_UNREACHABLE_CODE = YES;
				CLANG_WARN__DUPLICATE_METHOD_MATCH = YES;
				COPY_PHASE_STRIP = NO;
				DEBUG_INFORMATION_FORMAT = "dwarf-with-dsym";
				ENABLE_NS_ASSERTIONS = NO;
				ENABLE_STRICT_OBJC_MSGSEND = YES;
				GCC_C_LANGUAGE_STANDARD = gnu11;
				GCC_NO_COMMON_BLOCKS = YES;
				GCC_WARN_64_TO_32_BIT_CONVERSION = YES;
				GCC_WARN_ABOUT_RETURN_TYPE = YES_ERROR;
				GCC_WARN_UNDECLARED_SELECTOR = YES;
				GCC_WARN_UNINITIALIZED_AUTOS = YES_AGGRESSIVE;
				GCC_WARN_UNUSED_FUNCTION = YES;
				GCC_WARN_UNUSED_VARIABLE = YES;
				IPHONEOS_DEPLOYMENT_TARGET = 15.5;
				MTL_ENABLE_DEBUG_INFO = NO;
				MTL_FAST_MATH = YES;
				SDKROOT = iphoneos;
				SWIFT_COMPILATION_MODE = wholemodule;
				SWIFT_OPTIMIZATION_LEVEL = "-O";
				VALIDATE_PRODUCT = YES;
			};
			name = Release;
		};
		EDA4AD652847B85300D6E919 /* Debug */ = {
			isa = XCBuildConfiguration;
			buildSettings = {
				ASSETCATALOG_COMPILER_APPICON_NAME = AppIcon;
				ASSETCATALOG_COMPILER_GLOBAL_ACCENT_COLOR_NAME = AccentColor;
				CODE_SIGN_STYLE = Automatic;
				CURRENT_PROJECT_VERSION = 1;
				GENERATE_INFOPLIST_FILE = YES;
				INFOPLIST_FILE = "Rick and Morty/Resources/Info.plist";
				INFOPLIST_KEY_UIApplicationSupportsIndirectInputEvents = YES;
				INFOPLIST_KEY_UILaunchStoryboardName = LaunchScreen;
				INFOPLIST_KEY_UIMainStoryboardFile = Main;
				INFOPLIST_KEY_UISupportedInterfaceOrientations_iPad = "UIInterfaceOrientationPortrait UIInterfaceOrientationPortraitUpsideDown UIInterfaceOrientationLandscapeLeft UIInterfaceOrientationLandscapeRight";
				INFOPLIST_KEY_UISupportedInterfaceOrientations_iPhone = "UIInterfaceOrientationPortrait UIInterfaceOrientationLandscapeLeft UIInterfaceOrientationLandscapeRight";
				LD_RUNPATH_SEARCH_PATHS = (
					"$(inherited)",
					"@executable_path/Frameworks",
				);
				MARKETING_VERSION = 1.0;
				PRODUCT_BUNDLE_IDENTIFIER = "Tr0picalpenguin.Rick-and-Morty";
				PRODUCT_NAME = "$(TARGET_NAME)";
				SWIFT_EMIT_LOC_STRINGS = YES;
				SWIFT_VERSION = 5.0;
				TARGETED_DEVICE_FAMILY = "1,2";
			};
			name = Debug;
		};
		EDA4AD662847B85300D6E919 /* Release */ = {
			isa = XCBuildConfiguration;
			buildSettings = {
				ASSETCATALOG_COMPILER_APPICON_NAME = AppIcon;
				ASSETCATALOG_COMPILER_GLOBAL_ACCENT_COLOR_NAME = AccentColor;
				CODE_SIGN_STYLE = Automatic;
				CURRENT_PROJECT_VERSION = 1;
				GENERATE_INFOPLIST_FILE = YES;
				INFOPLIST_FILE = "Rick and Morty/Resources/Info.plist";
				INFOPLIST_KEY_UIApplicationSupportsIndirectInputEvents = YES;
				INFOPLIST_KEY_UILaunchStoryboardName = LaunchScreen;
				INFOPLIST_KEY_UIMainStoryboardFile = Main;
				INFOPLIST_KEY_UISupportedInterfaceOrientations_iPad = "UIInterfaceOrientationPortrait UIInterfaceOrientationPortraitUpsideDown UIInterfaceOrientationLandscapeLeft UIInterfaceOrientationLandscapeRight";
				INFOPLIST_KEY_UISupportedInterfaceOrientations_iPhone = "UIInterfaceOrientationPortrait UIInterfaceOrientationLandscapeLeft UIInterfaceOrientationLandscapeRight";
				LD_RUNPATH_SEARCH_PATHS = (
					"$(inherited)",
					"@executable_path/Frameworks",
				);
				MARKETING_VERSION = 1.0;
				PRODUCT_BUNDLE_IDENTIFIER = "Tr0picalpenguin.Rick-and-Morty";
				PRODUCT_NAME = "$(TARGET_NAME)";
				SWIFT_EMIT_LOC_STRINGS = YES;
				SWIFT_VERSION = 5.0;
				TARGETED_DEVICE_FAMILY = "1,2";
			};
			name = Release;
		};
/* End XCBuildConfiguration section */

/* Begin XCConfigurationList section */
		EDA4AD4B2847B85000D6E919 /* Build configuration list for PBXProject "Rick and Morty" */ = {
			isa = XCConfigurationList;
			buildConfigurations = (
				EDA4AD622847B85300D6E919 /* Debug */,
				EDA4AD632847B85300D6E919 /* Release */,
			);
			defaultConfigurationIsVisible = 0;
			defaultConfigurationName = Release;
		};
		EDA4AD642847B85300D6E919 /* Build configuration list for PBXNativeTarget "Rick and Morty" */ = {
			isa = XCConfigurationList;
			buildConfigurations = (
				EDA4AD652847B85300D6E919 /* Debug */,
				EDA4AD662847B85300D6E919 /* Release */,
			);
			defaultConfigurationIsVisible = 0;
			defaultConfigurationName = Release;
		};
/* End XCConfigurationList section */
	};
	rootObject = EDA4AD482847B85000D6E919 /* Project object */;
}
